
Microsoft Visual Studio Solution File, Format Version 12.00
# Visual Studio 2015
Project("{FAE04EC0-301F-11D3-BF4B-00C04F79EFBC}") = "visUNITYliser_v1.CSharp", "visUNITYliser_v1.CSharp.csproj", "{9EABC097-07B7-E33E-D955-C5FB37922C41}"
EndProject
Global
	GlobalSection(SolutionConfigurationPlatforms) = preSolution
		Debug|Any CPU = Debug|Any CPU
		Release|Any CPU = Release|Any CPU
	EndGlobalSection
	GlobalSection(ProjectConfigurationPlatforms) = postSolution
		{9EABC097-07B7-E33E-D955-C5FB37922C41}.Debug|Any CPU.ActiveCfg = Debug|Any CPU
		{9EABC097-07B7-E33E-D955-C5FB37922C41}.Debug|Any CPU.Build.0 = Debug|Any CPU
		{9EABC097-07B7-E33E-D955-C5FB37922C41}.Release|Any CPU.ActiveCfg = Release|Any CPU
		{9EABC097-07B7-E33E-D955-C5FB37922C41}.Release|Any CPU.Build.0 = Release|Any CPU
	EndGlobalSection
	GlobalSection(SolutionProperties) = preSolution
		HideSolutionNode = FALSE
	EndGlobalSection
EndGlobal
